
Microsoft Visual Studio Solution File, Format Version 12.00
# Visual Studio Version 17
VisualStudioVersion = 17.3.32929.385
MinimumVisualStudioVersion = 10.0.40219.1
Project("{FAE04EC0-301F-11D3-BF4B-00C04F79EFBC}") = "parcial2", "parcial2\parcial2.csproj", "{D3A08465-86C9-4126-9392-58966873BADC}"
EndProject
Global
	GlobalSection(SolutionConfigurationPlatforms) = preSolution
		Debug|Any CPU = Debug|Any CPU
		Release|Any CPU = Release|Any CPU
	EndGlobalSection
	GlobalSection(ProjectConfigurationPlatforms) = postSolution
		{D3A08465-86C9-4126-9392-58966873BADC}.Debug|Any CPU.ActiveCfg = Debug|Any CPU
		{D3A08465-86C9-4126-9392-58966873BADC}.Debug|Any CPU.Build.0 = Debug|Any CPU
		{D3A08465-86C9-4126-9392-58966873BADC}.Release|Any CPU.ActiveCfg = Release|Any CPU
		{D3A08465-86C9-4126-9392-58966873BADC}.Release|Any CPU.Build.0 = Release|Any CPU
	EndGlobalSection
	GlobalSection(SolutionProperties) = preSolution
		HideSolutionNode = FALSE
	EndGlobalSection
	GlobalSection(ExtensibilityGlobals) = postSolution
		SolutionGuid = {F06DE79F-CAEA-4518-8394-3076A437396D}
	EndGlobalSection
EndGlobal
